
Microsoft Visual Studio Solution File, Format Version 12.00
# Visual Studio Version 17
VisualStudioVersion = 17.6.33829.357
MinimumVisualStudioVersion = 10.0.40219.1
Project("{FAE04EC0-301F-11D3-BF4B-00C04F79EFBC}") = "Guardiant", "Guardiant\Guardiant.csproj", "{7008C971-CB0A-49FF-BF95-34B418A508B9}"
EndProject
Global
	GlobalSection(SolutionConfigurationPlatforms) = preSolution
		Debug|Any CPU = Debug|Any CPU
		Release|Any CPU = Release|Any CPU
	EndGlobalSection
	GlobalSection(ProjectConfigurationPlatforms) = postSolution
		{7008C971-CB0A-49FF-BF95-34B418A508B9}.Debug|Any CPU.ActiveCfg = Debug|Any CPU
		{7008C971-CB0A-49FF-BF95-34B418A508B9}.Debug|Any CPU.Build.0 = Debug|Any CPU
		{7008C971-CB0A-49FF-BF95-34B418A508B9}.Release|Any CPU.ActiveCfg = Release|Any CPU
		{7008C971-CB0A-49FF-BF95-34B418A508B9}.Release|Any CPU.Build.0 = Release|Any CPU
	EndGlobalSection
	GlobalSection(SolutionProperties) = preSolution
		HideSolutionNode = FALSE
	EndGlobalSection
	GlobalSection(ExtensibilityGlobals) = postSolution
		SolutionGuid = {070A9E3E-3486-4C9B-90C3-67DCBD90D84A}
	EndGlobalSection
EndGlobal
